
Microsoft Visual Studio Solution File, Format Version 12.00
# Visual Studio Version 17
VisualStudioVersion = 17.6.33815.320
MinimumVisualStudioVersion = 10.0.40219.1
Project("{FAE04EC0-301F-11D3-BF4B-00C04F79EFBC}") = "fix-vector", "fix-vector\fix-vector.csproj", "{6F7CD872-EBFB-4027-A6C7-09B81D0E41D3}"
EndProject
Global
	GlobalSection(SolutionConfigurationPlatforms) = preSolution
		Debug|Any CPU = Debug|Any CPU
		Release|Any CPU = Release|Any CPU
	EndGlobalSection
	GlobalSection(ProjectConfigurationPlatforms) = postSolution
		{6F7CD872-EBFB-4027-A6C7-09B81D0E41D3}.Debug|Any CPU.ActiveCfg = Debug|Any CPU
		{6F7CD872-EBFB-4027-A6C7-09B81D0E41D3}.Debug|Any CPU.Build.0 = Debug|Any CPU
		{6F7CD872-EBFB-4027-A6C7-09B81D0E41D3}.Release|Any CPU.ActiveCfg = Release|Any CPU
		{6F7CD872-EBFB-4027-A6C7-09B81D0E41D3}.Release|Any CPU.Build.0 = Release|Any CPU
	EndGlobalSection
	GlobalSection(SolutionProperties) = preSolution
		HideSolutionNode = FALSE
	EndGlobalSection
	GlobalSection(ExtensibilityGlobals) = postSolution
		SolutionGuid = {0DFC8AD6-065E-46AC-9566-B928D98782CE}
	EndGlobalSection
EndGlobal
