
Microsoft Visual Studio Solution File, Format Version 12.00
# Visual Studio Version 17
VisualStudioVersion = 17.6.33815.320
MinimumVisualStudioVersion = 10.0.40219.1
Project("{FAE04EC0-301F-11D3-BF4B-00C04F79EFBC}") = "EstruturaWhile", "EstruturaWhile\EstruturaWhile.csproj", "{67225374-DC47-4501-BD2B-3000A7C53870}"
EndProject
Global
	GlobalSection(SolutionConfigurationPlatforms) = preSolution
		Debug|Any CPU = Debug|Any CPU
		Release|Any CPU = Release|Any CPU
	EndGlobalSection
	GlobalSection(ProjectConfigurationPlatforms) = postSolution
		{67225374-DC47-4501-BD2B-3000A7C53870}.Debug|Any CPU.ActiveCfg = Debug|Any CPU
		{67225374-DC47-4501-BD2B-3000A7C53870}.Debug|Any CPU.Build.0 = Debug|Any CPU
		{67225374-DC47-4501-BD2B-3000A7C53870}.Release|Any CPU.ActiveCfg = Release|Any CPU
		{67225374-DC47-4501-BD2B-3000A7C53870}.Release|Any CPU.Build.0 = Release|Any CPU
	EndGlobalSection
	GlobalSection(SolutionProperties) = preSolution
		HideSolutionNode = FALSE
	EndGlobalSection
	GlobalSection(ExtensibilityGlobals) = postSolution
		SolutionGuid = {C2C43046-0039-493E-B60A-B4F67F7204D0}
	EndGlobalSection
EndGlobal
