
Microsoft Visual Studio Solution File, Format Version 12.00
# Visual Studio Version 17
VisualStudioVersion = 17.6.33815.320
MinimumVisualStudioVersion = 10.0.40219.1
Project("{FAE04EC0-301F-11D3-BF4B-00C04F79EFBC}") = "Matriz", "Matriz\Matriz.csproj", "{EA0E8B14-0E8C-4BBD-BC6D-7C1B4259B47B}"
EndProject
Global
	GlobalSection(SolutionConfigurationPlatforms) = preSolution
		Debug|Any CPU = Debug|Any CPU
		Release|Any CPU = Release|Any CPU
	EndGlobalSection
	GlobalSection(ProjectConfigurationPlatforms) = postSolution
		{EA0E8B14-0E8C-4BBD-BC6D-7C1B4259B47B}.Debug|Any CPU.ActiveCfg = Debug|Any CPU
		{EA0E8B14-0E8C-4BBD-BC6D-7C1B4259B47B}.Debug|Any CPU.Build.0 = Debug|Any CPU
		{EA0E8B14-0E8C-4BBD-BC6D-7C1B4259B47B}.Release|Any CPU.ActiveCfg = Release|Any CPU
		{EA0E8B14-0E8C-4BBD-BC6D-7C1B4259B47B}.Release|Any CPU.Build.0 = Release|Any CPU
	EndGlobalSection
	GlobalSection(SolutionProperties) = preSolution
		HideSolutionNode = FALSE
	EndGlobalSection
	GlobalSection(ExtensibilityGlobals) = postSolution
		SolutionGuid = {5A6D1C1F-DC55-4A25-A435-849BAE62842B}
	EndGlobalSection
EndGlobal
