
Microsoft Visual Studio Solution File, Format Version 12.00
# Visual Studio Version 17
VisualStudioVersion = 17.6.33815.320
MinimumVisualStudioVersion = 10.0.40219.1
Project("{FAE04EC0-301F-11D3-BF4B-00C04F79EFBC}") = "Alunos", "Alunos\Alunos.csproj", "{C6FB78F8-EFBF-46E3-B009-607DCF3E568A}"
EndProject
Global
	GlobalSection(SolutionConfigurationPlatforms) = preSolution
		Debug|Any CPU = Debug|Any CPU
		Release|Any CPU = Release|Any CPU
	EndGlobalSection
	GlobalSection(ProjectConfigurationPlatforms) = postSolution
		{C6FB78F8-EFBF-46E3-B009-607DCF3E568A}.Debug|Any CPU.ActiveCfg = Debug|Any CPU
		{C6FB78F8-EFBF-46E3-B009-607DCF3E568A}.Debug|Any CPU.Build.0 = Debug|Any CPU
		{C6FB78F8-EFBF-46E3-B009-607DCF3E568A}.Release|Any CPU.ActiveCfg = Release|Any CPU
		{C6FB78F8-EFBF-46E3-B009-607DCF3E568A}.Release|Any CPU.Build.0 = Release|Any CPU
	EndGlobalSection
	GlobalSection(SolutionProperties) = preSolution
		HideSolutionNode = FALSE
	EndGlobalSection
	GlobalSection(ExtensibilityGlobals) = postSolution
		SolutionGuid = {9BE6C284-B256-49A2-A671-6D3B24495FDF}
	EndGlobalSection
EndGlobal
