
Microsoft Visual Studio Solution File, Format Version 12.00
# Visual Studio Version 17
VisualStudioVersion = 17.6.33815.320
MinimumVisualStudioVersion = 10.0.40219.1
Project("{FAE04EC0-301F-11D3-BF4B-00C04F79EFBC}") = "Resolvendo1", "Resolvendo1\Resolvendo1.csproj", "{8C298BD5-E54F-43A0-B4AC-D120D951E34F}"
EndProject
Global
	GlobalSection(SolutionConfigurationPlatforms) = preSolution
		Debug|Any CPU = Debug|Any CPU
		Release|Any CPU = Release|Any CPU
	EndGlobalSection
	GlobalSection(ProjectConfigurationPlatforms) = postSolution
		{8C298BD5-E54F-43A0-B4AC-D120D951E34F}.Debug|Any CPU.ActiveCfg = Debug|Any CPU
		{8C298BD5-E54F-43A0-B4AC-D120D951E34F}.Debug|Any CPU.Build.0 = Debug|Any CPU
		{8C298BD5-E54F-43A0-B4AC-D120D951E34F}.Release|Any CPU.ActiveCfg = Release|Any CPU
		{8C298BD5-E54F-43A0-B4AC-D120D951E34F}.Release|Any CPU.Build.0 = Release|Any CPU
	EndGlobalSection
	GlobalSection(SolutionProperties) = preSolution
		HideSolutionNode = FALSE
	EndGlobalSection
	GlobalSection(ExtensibilityGlobals) = postSolution
		SolutionGuid = {7A5E8ADD-978B-49B3-A768-A35AB281C818}
	EndGlobalSection
EndGlobal
